
Microsoft Visual Studio Solution File, Format Version 12.00
# Visual Studio Version 16
VisualStudioVersion = 16.0.32106.194
MinimumVisualStudioVersion = 10.0.40219.1
Project("{2150E333-8FDC-42A3-9474-1A3956D46DE8}") = "Lesson_2", "Lesson_2", "{3A77CF6A-8001-4D71-837B-4238ADDD9CB7}"
EndProject
Project("{FAE04EC0-301F-11D3-BF4B-00C04F79EFBC}") = "Task_1", "Lesson_2\Task_1\Task_1.csproj", "{0FCA360A-EA10-463B-84C0-A3BDF2D9CA4B}"
EndProject
Project("{FAE04EC0-301F-11D3-BF4B-00C04F79EFBC}") = "Task_2", "Lesson_2\Task_2\Task_2.csproj", "{A416FFDC-828E-4317-BB44-8ECE6F47F7AE}"
EndProject
Project("{FAE04EC0-301F-11D3-BF4B-00C04F79EFBC}") = "Task_3", "Lesson_2\Task_3\Task_3.csproj", "{84F990F8-844C-4F4E-B088-828782A9F747}"
EndProject
Project("{FAE04EC0-301F-11D3-BF4B-00C04F79EFBC}") = "Task_4", "Lesson_2\Task_4\Task_4.csproj", "{7120F0BF-97A7-437A-914A-2ED0399CCDA2}"
EndProject
Project("{FAE04EC0-301F-11D3-BF4B-00C04F79EFBC}") = "Task_5", "Lesson_2\Task_5\Task_5.csproj", "{B22699FB-8044-4ECC-9755-53B822F7CE37}"
EndProject
Global
	GlobalSection(SolutionConfigurationPlatforms) = preSolution
		Debug|Any CPU = Debug|Any CPU
		Release|Any CPU = Release|Any CPU
	EndGlobalSection
	GlobalSection(ProjectConfigurationPlatforms) = postSolution
		{0FCA360A-EA10-463B-84C0-A3BDF2D9CA4B}.Debug|Any CPU.ActiveCfg = Debug|Any CPU
		{0FCA360A-EA10-463B-84C0-A3BDF2D9CA4B}.Debug|Any CPU.Build.0 = Debug|Any CPU
		{0FCA360A-EA10-463B-84C0-A3BDF2D9CA4B}.Release|Any CPU.ActiveCfg = Release|Any CPU
		{0FCA360A-EA10-463B-84C0-A3BDF2D9CA4B}.Release|Any CPU.Build.0 = Release|Any CPU
		{A416FFDC-828E-4317-BB44-8ECE6F47F7AE}.Debug|Any CPU.ActiveCfg = Debug|Any CPU
		{A416FFDC-828E-4317-BB44-8ECE6F47F7AE}.Debug|Any CPU.Build.0 = Debug|Any CPU
		{A416FFDC-828E-4317-BB44-8ECE6F47F7AE}.Release|Any CPU.ActiveCfg = Release|Any CPU
		{A416FFDC-828E-4317-BB44-8ECE6F47F7AE}.Release|Any CPU.Build.0 = Release|Any CPU
		{84F990F8-844C-4F4E-B088-828782A9F747}.Debug|Any CPU.ActiveCfg = Debug|Any CPU
		{84F990F8-844C-4F4E-B088-828782A9F747}.Debug|Any CPU.Build.0 = Debug|Any CPU
		{84F990F8-844C-4F4E-B088-828782A9F747}.Release|Any CPU.ActiveCfg = Release|Any CPU
		{84F990F8-844C-4F4E-B088-828782A9F747}.Release|Any CPU.Build.0 = Release|Any CPU
		{7120F0BF-97A7-437A-914A-2ED0399CCDA2}.Debug|Any CPU.ActiveCfg = Debug|Any CPU
		{7120F0BF-97A7-437A-914A-2ED0399CCDA2}.Debug|Any CPU.Build.0 = Debug|Any CPU
		{7120F0BF-97A7-437A-914A-2ED0399CCDA2}.Release|Any CPU.ActiveCfg = Release|Any CPU
		{7120F0BF-97A7-437A-914A-2ED0399CCDA2}.Release|Any CPU.Build.0 = Release|Any CPU
		{B22699FB-8044-4ECC-9755-53B822F7CE37}.Debug|Any CPU.ActiveCfg = Debug|Any CPU
		{B22699FB-8044-4ECC-9755-53B822F7CE37}.Debug|Any CPU.Build.0 = Debug|Any CPU
		{B22699FB-8044-4ECC-9755-53B822F7CE37}.Release|Any CPU.ActiveCfg = Release|Any CPU
		{B22699FB-8044-4ECC-9755-53B822F7CE37}.Release|Any CPU.Build.0 = Release|Any CPU
	EndGlobalSection
	GlobalSection(SolutionProperties) = preSolution
		HideSolutionNode = FALSE
	EndGlobalSection
	GlobalSection(NestedProjects) = preSolution
		{0FCA360A-EA10-463B-84C0-A3BDF2D9CA4B} = {3A77CF6A-8001-4D71-837B-4238ADDD9CB7}
		{A416FFDC-828E-4317-BB44-8ECE6F47F7AE} = {3A77CF6A-8001-4D71-837B-4238ADDD9CB7}
		{84F990F8-844C-4F4E-B088-828782A9F747} = {3A77CF6A-8001-4D71-837B-4238ADDD9CB7}
		{7120F0BF-97A7-437A-914A-2ED0399CCDA2} = {3A77CF6A-8001-4D71-837B-4238ADDD9CB7}
		{B22699FB-8044-4ECC-9755-53B822F7CE37} = {3A77CF6A-8001-4D71-837B-4238ADDD9CB7}
	EndGlobalSection
	GlobalSection(ExtensibilityGlobals) = postSolution
		SolutionGuid = {8DFC4180-CA6E-4DF8-930B-D61E01F1ADD6}
	EndGlobalSection
EndGlobal
