
Microsoft Visual Studio Solution File, Format Version 12.00
# Visual Studio Version 16
VisualStudioVersion = 16.0.32106.194
MinimumVisualStudioVersion = 10.0.40219.1
Project("{9A19103F-16F7-4668-BE54-9A1E7A4F7556}") = "Lesson_4_Test_2", "lesson_4_Test_2\Lesson_4_Test_2.csproj", "{672C9E2D-7316-4E0A-BFBD-DA2D318A681E}"
EndProject
Project("{9A19103F-16F7-4668-BE54-9A1E7A4F7556}") = "Lesson_4_Test_1", "Lesson_4_ Test_1\Lesson_4_Test_1.csproj", "{ABD37497-ACD2-41B3-9FF7-CAFD2025AB78}"
EndProject
Project("{9A19103F-16F7-4668-BE54-9A1E7A4F7556}") = "Lesson_4_Test_3", "Lesson_4_Test_3\Lesson_4_Test_3.csproj", "{D0F3A3B6-D32E-4240-A0DE-20356D1ACDD3}"
EndProject
Global
	GlobalSection(SolutionConfigurationPlatforms) = preSolution
		Debug|Any CPU = Debug|Any CPU
		Release|Any CPU = Release|Any CPU
	EndGlobalSection
	GlobalSection(ProjectConfigurationPlatforms) = postSolution
		{672C9E2D-7316-4E0A-BFBD-DA2D318A681E}.Debug|Any CPU.ActiveCfg = Debug|Any CPU
		{672C9E2D-7316-4E0A-BFBD-DA2D318A681E}.Debug|Any CPU.Build.0 = Debug|Any CPU
		{672C9E2D-7316-4E0A-BFBD-DA2D318A681E}.Release|Any CPU.ActiveCfg = Release|Any CPU
		{672C9E2D-7316-4E0A-BFBD-DA2D318A681E}.Release|Any CPU.Build.0 = Release|Any CPU
		{ABD37497-ACD2-41B3-9FF7-CAFD2025AB78}.Debug|Any CPU.ActiveCfg = Debug|Any CPU
		{ABD37497-ACD2-41B3-9FF7-CAFD2025AB78}.Debug|Any CPU.Build.0 = Debug|Any CPU
		{ABD37497-ACD2-41B3-9FF7-CAFD2025AB78}.Release|Any CPU.ActiveCfg = Release|Any CPU
		{ABD37497-ACD2-41B3-9FF7-CAFD2025AB78}.Release|Any CPU.Build.0 = Release|Any CPU
		{D0F3A3B6-D32E-4240-A0DE-20356D1ACDD3}.Debug|Any CPU.ActiveCfg = Debug|Any CPU
		{D0F3A3B6-D32E-4240-A0DE-20356D1ACDD3}.Debug|Any CPU.Build.0 = Debug|Any CPU
		{D0F3A3B6-D32E-4240-A0DE-20356D1ACDD3}.Release|Any CPU.ActiveCfg = Release|Any CPU
		{D0F3A3B6-D32E-4240-A0DE-20356D1ACDD3}.Release|Any CPU.Build.0 = Release|Any CPU
	EndGlobalSection
	GlobalSection(SolutionProperties) = preSolution
		HideSolutionNode = FALSE
	EndGlobalSection
	GlobalSection(ExtensibilityGlobals) = postSolution
		SolutionGuid = {7B38FFDD-F1B9-46BC-9836-F5C7A1106249}
	EndGlobalSection
EndGlobal
