
Microsoft Visual Studio Solution File, Format Version 12.00
# Visual Studio Version 16
VisualStudioVersion = 16.0.32106.194
MinimumVisualStudioVersion = 10.0.40219.1
Project("{FAE04EC0-301F-11D3-BF4B-00C04F79EFBC}") = "lesson_1", "lesson_1\lesson_1.csproj", "{98506C19-E404-45B2-8C1A-F2BA855922F1}"
EndProject
Global
	GlobalSection(SolutionConfigurationPlatforms) = preSolution
		Debug|Any CPU = Debug|Any CPU
		Release|Any CPU = Release|Any CPU
	EndGlobalSection
	GlobalSection(ProjectConfigurationPlatforms) = postSolution
		{98506C19-E404-45B2-8C1A-F2BA855922F1}.Debug|Any CPU.ActiveCfg = Debug|Any CPU
		{98506C19-E404-45B2-8C1A-F2BA855922F1}.Debug|Any CPU.Build.0 = Debug|Any CPU
		{98506C19-E404-45B2-8C1A-F2BA855922F1}.Release|Any CPU.ActiveCfg = Release|Any CPU
		{98506C19-E404-45B2-8C1A-F2BA855922F1}.Release|Any CPU.Build.0 = Release|Any CPU
	EndGlobalSection
	GlobalSection(SolutionProperties) = preSolution
		HideSolutionNode = FALSE
	EndGlobalSection
	GlobalSection(ExtensibilityGlobals) = postSolution
		SolutionGuid = {0D10CEE4-AB7B-4BE8-8E0A-7EC81961EA55}
	EndGlobalSection
EndGlobal
